github.com/ulvham/helper v0.0.0-20180912150029-d45a6be21c19 h1:frGjyIHDJv5c+Rb3cvYtHy0B7SHnej9l+DAAw6McFsc=
github.com/ulvham/helper v0.0.0-20180912150029-d45a6be21c19/go.mod h1:CYUJvQIfntSPOhDrTb2snbOWlud3udm1HkmMVtAZ9nM=
github.com/vaughan0/go-ini v0.0.0-20130923145212-a98ad7ee00ec h1:DGmKwyZwEB8dI7tbLt/I/gQuP559o/0FrAkHKlQM/Ks=
github.com/vaughan0/go-ini v0.0.0-20130923145212-a98ad7ee00ec/go.mod h1:owBmyHYMLkxyrugmfwE/DLJyW8Ro9mkphwuVErQ0iUw=
